// !$*UTF8*$!
{
	archiveVersion = 1;
	classes = {
	};
	objectVersion = 77;
	objects = {

/* Begin PBXFileReference section */
		8D1905822F8A7AC400ED2854 /* overlay_window.py */ = {isa = PBXFileReference; lastKnownFileType = text.script.python; path = overlay_window.py; sourceTree = "<group>"; };
		8D1905832F8A8C2E00ED2854 /* config_manager.py */ = {isa = PBXFileReference; lastKnownFileType = text.script.python; path = config_manager.py; sourceTree = "<group>"; };
		8D1905842F8A94FC00ED2854 /* control_panel.py */ = {isa = PBXFileReference; lastKnownFileType = text.script.python; path = control_panel.py; sourceTree = "<group>"; };
		8D7EC5422F95A041003FC384 /* session_storyboard.py */ = {isa = PBXFileReference; lastKnownFileType = text.script.python; path = session_storyboard.py; sourceTree = "<group>"; };
		8D7EC5442F9FF317003FC384 /* event_session.py */ = {isa = PBXFileReference; lastKnownFileType = text.script.python; path = event_session.py; sourceTree = "<group>"; };
		8D7EC5452FA0D0D9003FC384 /* motion_object_tracker.py */ = {isa = PBXFileReference; lastKnownFileType = text.script.python; path = motion_object_tracker.py; sourceTree = "<group>"; };
		8D7EC5462FA0D13C003FC384 /* event_session_manager.py */ = {isa = PBXFileReference; lastKnownFileType = text.script.python; path = event_session_manager.py; sourceTree = "<group>"; };
		8D7EC5472FA238A8003FC384 /* contact_sheet_builder.py */ = {isa = PBXFileReference; lastKnownFileType = text.script.python; path = contact_sheet_builder.py; sourceTree = "<group>"; };
		8DA91F7D2F79EE8A0080D5B1 /* bound_box_define.py */ = {isa = PBXFileReference; lastKnownFileType = text.script.python; path = bound_box_define.py; sourceTree = "<group>"; };
		8DA91F7E2F79EEF40080D5B1 /* cam_controller.py */ = {isa = PBXFileReference; lastKnownFileType = text.script.python; path = cam_controller.py; sourceTree = "<group>"; };
		8DA91F802F79EFCA0080D5B1 /* bound_box_drawer.py */ = {isa = PBXFileReference; lastKnownFileType = text.script.python; path = bound_box_drawer.py; sourceTree = "<group>"; };
		8DA91F862F79F2330080D5B1 /* image_subject.py */ = {isa = PBXFileReference; lastKnownFileType = text.script.python; path = image_subject.py; sourceTree = "<group>"; };
		8DA91F872F79F3A70080D5B1 /* image_object.py */ = {isa = PBXFileReference; lastKnownFileType = text.script.python; path = image_object.py; sourceTree = "<group>"; };
		8DA91F882F79F3D80080D5B1 /* vision_api.py */ = {isa = PBXFileReference; lastKnownFileType = text.script.python; path = vision_api.py; sourceTree = "<group>"; };
		8DA91F892F79F4980080D5B1 /* resulting_action.py */ = {isa = PBXFileReference; lastKnownFileType = text.script.python; path = resulting_action.py; sourceTree = "<group>"; };
		8DA91F8A2F79F4C40080D5B1 /* main.py */ = {isa = PBXFileReference; lastKnownFileType = text.script.python; path = main.py; sourceTree = "<group>"; };
		8DA91F8B2F79F5210080D5B1 /* logger.py */ = {isa = PBXFileReference; lastKnownFileType = text.script.python; path = logger.py; sourceTree = "<group>"; };
/* End PBXFileReference section */

/* Begin PBXGroup section */
		8DA91F752F79EE110080D5B1 = {
			isa = PBXGroup;
			children = (
				8DA91F7D2F79EE8A0080D5B1 /* bound_box_define.py */,
				8DA91F7E2F79EEF40080D5B1 /* cam_controller.py */,
				8D1905832F8A8C2E00ED2854 /* config_manager.py */,
				8DA91F802F79EFCA0080D5B1 /* bound_box_drawer.py */,
				8D7EC5452FA0D0D9003FC384 /* motion_object_tracker.py */,
				8D7EC5442F9FF317003FC384 /* event_session.py */,
				8D7EC5462FA0D13C003FC384 /* event_session_manager.py */,
				8DA91F862F79F2330080D5B1 /* image_subject.py */,
				8DA91F872F79F3A70080D5B1 /* image_object.py */,
				8DA91F882F79F3D80080D5B1 /* vision_api.py */,
				8D7EC5472FA238A8003FC384 /* contact_sheet_builder.py */,
				8DA91F892F79F4980080D5B1 /* resulting_action.py */,
				8D1905822F8A7AC400ED2854 /* overlay_window.py */,
				8D1905842F8A94FC00ED2854 /* control_panel.py */,
				8DA91F8A2F79F4C40080D5B1 /* main.py */,
				8DA91F8B2F79F5210080D5B1 /* logger.py */,
				8D7EC5422F95A041003FC384 /* session_storyboard.py */,
			);
			sourceTree = "<group>";
		};
/* End PBXGroup section */

/* Begin PBXProject section */
		8DA91F762F79EE110080D5B1 /* Project object */ = {
			isa = PBXProject;
			attributes = {
				BuildIndependentTargetsInParallel = 1;
				LastUpgradeCheck = 1640;
			};
			buildConfigurationList = 8DA91F792F79EE110080D5B1 /* Build configuration list for PBXProject "BirdBros" */;
			developmentRegion = en;
			hasScannedForEncodings = 0;
			knownRegions = (
				en,
				Base,
			);
			mainGroup = 8DA91F752F79EE110080D5B1;
			minimizedProjectReferenceProxies = 1;
			preferredProjectObjectVersion = 77;
			projectDirPath = "";
			projectRoot = "";
			targets = (
			);
		};
/* End PBXProject section */

/* Begin XCBuildConfiguration section */
		8DA91F7A2F79EE110080D5B1 /* Debug */ = {
			isa = XCBuildConfiguration;
			buildSettings = {
			};
			name = Debug;
		};
		8DA91F7B2F79EE110080D5B1 /* Release */ = {
			isa = XCBuildConfiguration;
			buildSettings = {
			};
			name = Release;
		};
/* End XCBuildConfiguration section */

/* Begin XCConfigurationList section */
		8DA91F792F79EE110080D5B1 /* Build configuration list for PBXProject "BirdBros" */ = {
			isa = XCConfigurationList;
			buildConfigurations = (
				8DA91F7A2F79EE110080D5B1 /* Debug */,
				8DA91F7B2F79EE110080D5B1 /* Release */,
			);
			defaultConfigurationIsVisible = 0;
			defaultConfigurationName = Release;
		};
/* End XCConfigurationList section */
	};
	rootObject = 8DA91F762F79EE110080D5B1 /* Project object */;
}
